Microsoft Visual Studio Solution File, Format Version 11.00
# Visual Studio 2008

Project("{A4B916E4-F64A-DFE2-D1CA-35E2FDC3F7E7}") = "BlackSheepGame", "Assembly-CSharp.csproj", "{C7F3189A-9FA1-14C7-C478-C3B675BECCD4}"
EndProject
Global
	GlobalSection(SolutionConfigurationPlatforms) = preSolution
		Debug|Any CPU = Debug|Any CPU
		Release|Any CPU = Release|Any CPU
	EndGlobalSection
	GlobalSection(ProjectConfigurationPlatforms) = postSolution
		{C7F3189A-9FA1-14C7-C478-C3B675BECCD4}.Debug|Any CPU.ActiveCfg = Debug|Any CPU
		{C7F3189A-9FA1-14C7-C478-C3B675BECCD4}.Debug|Any CPU.Build.0 = Debug|Any CPU
		{C7F3189A-9FA1-14C7-C478-C3B675BECCD4}.Release|Any CPU.ActiveCfg = Release|Any CPU
		{C7F3189A-9FA1-14C7-C478-C3B675BECCD4}.Release|Any CPU.Build.0 = Release|Any CPU
	EndGlobalSection
	GlobalSection(SolutionProperties) = preSolution
		HideSolutionNode = FALSE
	EndGlobalSection
	GlobalSection(MonoDevelopProperties) = preSolution
		StartupItem = Assembly-CSharp.csproj
		Policies = $0
		$0.TextStylePolicy = $1
		$1.inheritsSet = null
		$1.scope = text/x-csharp
		$0.CSharpFormattingPolicy = $2
		$2.inheritsSet = Mono
		$2.inheritsScope = text/x-csharp
		$2.scope = text/x-csharp
		$0.TextStylePolicy = $3
		$3.FileWidth = 120
		$3.TabWidth = 4
		$3.EolMarker = Unix
		$3.inheritsSet = Mono
		$3.inheritsScope = text/plain
		$3.scope = text/plain
	EndGlobalSection
EndGlobal
