Microsoft Visual Studio Solution File, Format Version 11.00
# Visual Studio 2008

Project("{0B79A0A4-C685-BF13-94B5-F46AFC439955}") = "NewArtProject", "Assembly-CSharp-vs.csproj", "{553EFC12-A09B-1A5F-964A-45E01AFFAA31}"
EndProject
Global
	GlobalSection(SolutionConfigurationPlatforms) = preSolution
		Debug|Any CPU = Debug|Any CPU
		Release|Any CPU = Release|Any CPU
	EndGlobalSection
	GlobalSection(ProjectConfigurationPlatforms) = postSolution
		{553EFC12-A09B-1A5F-964A-45E01AFFAA31}.Debug|Any CPU.ActiveCfg = Debug|Any CPU
		{553EFC12-A09B-1A5F-964A-45E01AFFAA31}.Debug|Any CPU.Build.0 = Debug|Any CPU
		{553EFC12-A09B-1A5F-964A-45E01AFFAA31}.Release|Any CPU.ActiveCfg = Release|Any CPU
		{553EFC12-A09B-1A5F-964A-45E01AFFAA31}.Release|Any CPU.Build.0 = Release|Any CPU
	EndGlobalSection
	GlobalSection(SolutionProperties) = preSolution
		HideSolutionNode = FALSE
	EndGlobalSection
																						GlobalSection(MonoDevelopProperties) = preSolution
		StartupItem = Assembly-CSharp.csproj
		Policies = $0
		$0.TextStylePolicy = $1
		$1.inheritsSet = null
		$1.scope = text/x-csharp
		$0.CSharpFormattingPolicy = $2
		$2.inheritsSet = Mono
		$2.inheritsScope = text/x-csharp
		$2.scope = text/x-csharp
		$0.TextStylePolicy = $3
		$3.FileWidth = 120
		$3.TabWidth = 4
		$3.EolMarker = Unix
		$3.inheritsSet = Mono
		$3.inheritsScope = text/plain
		$3.scope = text/plain
	EndGlobalSection

EndGlobal
